
Microsoft Visual Studio Solution File, Format Version 12.00
# Visual Studio Version 16
VisualStudioVersion = 16.0.808.6
MinimumVisualStudioVersion = 10.0.40219.1
Project("{FAE04EC0-301F-11D3-BF4B-00C04F79EFBC}") = "netflis", "netflis\netflis.csproj", "{BFB26D2D-897E-478C-A989-1A433A4C671B}"
EndProject
Global
	GlobalSection(SolutionConfigurationPlatforms) = preSolution
		Debug|Any CPU = Debug|Any CPU
		Release|Any CPU = Release|Any CPU
	EndGlobalSection
	GlobalSection(ProjectConfigurationPlatforms) = postSolution
		{BFB26D2D-897E-478C-A989-1A433A4C671B}.Debug|Any CPU.ActiveCfg = Debug|Any CPU
		{BFB26D2D-897E-478C-A989-1A433A4C671B}.Debug|Any CPU.Build.0 = Debug|Any CPU
		{BFB26D2D-897E-478C-A989-1A433A4C671B}.Release|Any CPU.ActiveCfg = Release|Any CPU
		{BFB26D2D-897E-478C-A989-1A433A4C671B}.Release|Any CPU.Build.0 = Release|Any CPU
	EndGlobalSection
	GlobalSection(SolutionProperties) = preSolution
		HideSolutionNode = FALSE
	EndGlobalSection
	GlobalSection(ExtensibilityGlobals) = postSolution
		SolutionGuid = {0A0185CD-4662-45AF-BA2A-16659224DDB5}
	EndGlobalSection
EndGlobal
